{
  "name": "spacexinvest",
  "version": "0.1.0",
  "lockfileVersion": 2,
  "requires": true,
  "packages": {
    "": {
      "name": "spacexinvest",
      "version": "0.1.0",
      "license": "UNLICENSED",
      "dependencies": {
        "next": "15.0.7",
        "react": "19.0.0",
        "react-dom": "19.0.0",
        "framer-motion": "10.12.0",
        "tailwindcss": "4.0.0",
        "postcss": "8.4.24",
        "autoprefixer": "10.4.14",
        "lucide-react": "1.23.0",
        "recharts": "2.5.0",
        "clsx": "1.2.1"
      }
    },
    "node_modules/lucide-react": {
      "version": "1.23.0",
      "resolved": "https://registry.npmjs.org/lucide-react/-/lucide-react-1.23.0.tgz",
      "integrity": "sha512-PLACEHOLDER-LUCIDE",
      "peer": true,
      "dev": false
    }
  },
  "dependencies": {
    "lucide-react": {
      "version": "1.23.0",
      "requires": {}
    },
    "next": {
      "version": "15.0.7",
      "requires": {}
    },
    "react": {
      "version": "19.0.0",
      "requires": {}
    },
    "react-dom": {
      "version": "19.0.0",
      "requires": {}
    }
  }
}
